
Microsoft Visual Studio Solution File, Format Version 12.00
# Visual Studio Version 17
VisualStudioVersion = 17.9.34728.123
MinimumVisualStudioVersion = 10.0.40219.1
Project("{2150E333-8FDC-42A3-9474-1A3956D46DE8}") = "src", "src", "{48DD7AC1-14D2-4768-BF27-4E2641110FA6}"
EndProject
Project("{9A19103F-16F7-4668-BE54-9A1E7A4F7556}") = "KnowledgeSpace.BackendServer", "src\KnowledgeSpace.BackendServer\KnowledgeSpace.BackendServer.csproj", "{049FC9FB-CBE0-4C48-94F2-0316C6E23AE7}"
EndProject
Project("{9A19103F-16F7-4668-BE54-9A1E7A4F7556}") = "KnowledgeSpace.WebPortal", "src\KnowledgeSpace.WebPortal\KnowledgeSpace.WebPortal.csproj", "{586F875C-CD98-4101-A0D9-259E0BE351C3}"
EndProject
Project("{FAE04EC0-301F-11D3-BF4B-00C04F79EFBC}") = "KnowledgeSpace.ViewModels", "src\KnowledgeSpace.ViewModels\KnowledgeSpace.ViewModels.csproj", "{63B23692-989B-4661-A9B7-F8A7E7400827}"
EndProject
Global
	GlobalSection(SolutionConfigurationPlatforms) = preSolution
		Debug|Any CPU = Debug|Any CPU
		Release|Any CPU = Release|Any CPU
	EndGlobalSection
	GlobalSection(ProjectConfigurationPlatforms) = postSolution
		{049FC9FB-CBE0-4C48-94F2-0316C6E23AE7}.Debug|Any CPU.ActiveCfg = Debug|Any CPU
		{049FC9FB-CBE0-4C48-94F2-0316C6E23AE7}.Debug|Any CPU.Build.0 = Debug|Any CPU
		{049FC9FB-CBE0-4C48-94F2-0316C6E23AE7}.Release|Any CPU.ActiveCfg = Release|Any CPU
		{049FC9FB-CBE0-4C48-94F2-0316C6E23AE7}.Release|Any CPU.Build.0 = Release|Any CPU
		{586F875C-CD98-4101-A0D9-259E0BE351C3}.Debug|Any CPU.ActiveCfg = Debug|Any CPU
		{586F875C-CD98-4101-A0D9-259E0BE351C3}.Debug|Any CPU.Build.0 = Debug|Any CPU
		{586F875C-CD98-4101-A0D9-259E0BE351C3}.Release|Any CPU.ActiveCfg = Release|Any CPU
		{586F875C-CD98-4101-A0D9-259E0BE351C3}.Release|Any CPU.Build.0 = Release|Any CPU
		{63B23692-989B-4661-A9B7-F8A7E7400827}.Debug|Any CPU.ActiveCfg = Debug|Any CPU
		{63B23692-989B-4661-A9B7-F8A7E7400827}.Debug|Any CPU.Build.0 = Debug|Any CPU
		{63B23692-989B-4661-A9B7-F8A7E7400827}.Release|Any CPU.ActiveCfg = Release|Any CPU
		{63B23692-989B-4661-A9B7-F8A7E7400827}.Release|Any CPU.Build.0 = Release|Any CPU
	EndGlobalSection
	GlobalSection(SolutionProperties) = preSolution
		HideSolutionNode = FALSE
	EndGlobalSection
	GlobalSection(NestedProjects) = preSolution
		{049FC9FB-CBE0-4C48-94F2-0316C6E23AE7} = {48DD7AC1-14D2-4768-BF27-4E2641110FA6}
		{586F875C-CD98-4101-A0D9-259E0BE351C3} = {48DD7AC1-14D2-4768-BF27-4E2641110FA6}
		{63B23692-989B-4661-A9B7-F8A7E7400827} = {48DD7AC1-14D2-4768-BF27-4E2641110FA6}
	EndGlobalSection
	GlobalSection(ExtensibilityGlobals) = postSolution
		SolutionGuid = {53A20C0B-538B-4B5D-8841-10AAFE5744D5}
	EndGlobalSection
EndGlobal
